lockfileVersion: '9.0'

settings:
  autoInstallPeers: true
  excludeLinksFromLockfile: false

importers:

  .:
    dependencies:
      vue-native-websocket:
        specifier: ^2.0.15
        version: 2.0.15

packages:

  vue-native-websocket@2.0.15:
    resolution: {integrity: sha512-i3UvRL99rY8ytV0VJzcWDwY3fRPoeh2fGYvB9862JocEQOx/oCw/VtPIUwP4tSzmzJvJZNkvP71wfhfS1sVhxQ==}

snapshots:

  vue-native-websocket@2.0.15: {}
